// !$*UTF8*$!
{
	archiveVersion = 1;
	classes = {
	};
	objectVersion = 46;
	objects = {

/* Begin PBXBuildFile section */
		EE414F331F4311D80021061B /* AppDelegate.swift in Sources */ = {isa = PBXBuildFile; fileRef = EE414F321F4311D80021061B /* AppDelegate.swift */; };
		EE414F351F4311D80021061B /* ViewController.swift in Sources */ = {isa = PBXBuildFile; fileRef = EE414F341F4311D80021061B /* ViewController.swift */; };
		EE414F381F4311D80021061B /* Main.storyboard in Resources */ = {isa = PBXBuildFile; fileRef = EE414F361F4311D80021061B /* Main.storyboard */; };
		EE414F3B1F4311D80021061B /* cardfliptest.xcdatamodeld in Sources */ = {isa = PBXBuildFile; fileRef = EE414F391F4311D80021061B /* cardfliptest.xcdatamodeld */; };
		EE414F3D1F4311D80021061B /* Assets.xcassets in Resources */ = {isa = PBXBuildFile; fileRef = EE414F3C1F4311D80021061B /* Assets.xcassets */; };
		EE414F401F4311D80021061B /* LaunchScreen.storyboard in Resources */ = {isa = PBXBuildFile; fileRef = EE414F3E1F4311D80021061B /* LaunchScreen.storyboard */; };
		EE414F4B1F4311D80021061B /* cardfliptestTests.swift in Sources */ = {isa = PBXBuildFile; fileRef = EE414F4A1F4311D80021061B /* cardfliptestTests.swift */; };
		EE414F561F4311D80021061B /* cardfliptestUITests.swift in Sources */ = {isa = PBXBuildFile; fileRef = EE414F551F4311D80021061B /* cardfliptestUITests.swift */; };
/* End PBXBuildFile section */

/* Begin PBXContainerItemProxy section */
		EE414F471F4311D80021061B /* PBXContainerItemProxy */ = {
			isa = PBXContainerItemProxy;
			containerPortal = EE414F271F4311D70021061B /* Project object */;
			proxyType = 1;
			remoteGlobalIDString = EE414F2E1F4311D70021061B;
			remoteInfo = cardfliptest;
		};
		EE414F521F4311D80021061B /* PBXContainerItemProxy */ = {
			isa = PBXContainerItemProxy;
			containerPortal = EE414F271F4311D70021061B /* Project object */;
			proxyType = 1;
			remoteGlobalIDString = EE414F2E1F4311D70021061B;
			remoteInfo = cardfliptest;
		};
/* End PBXContainerItemProxy section */

/* Begin PBXFileReference section */
		EE414F2F1F4311D80021061B /* cardfliptest.app */ = {isa = PBXFileReference; explicitFileType = wrapper.application; includeInIndex = 0; path = cardfliptest.app; sourceTree = BUILT_PRODUCTS_DIR; };
		EE414F321F4311D80021061B /* AppDelegate.swift */ = {isa = PBXFileReference; lastKnownFileType = sourcecode.swift; path = AppDelegate.swift; sourceTree = "<group>"; };
		EE414F341F4311D80021061B /* ViewController.swift */ = {isa = PBXFileReference; lastKnownFileType = sourcecode.swift; path = ViewController.swift; sourceTree = "<group>"; };
		EE414F371F4311D80021061B /* Base */ = {isa = PBXFileReference; lastKnownFileType = file.storyboard; name = Base; path = Base.lproj/Main.storyboard; sourceTree = "<group>"; };
		EE414F3A1F4311D80021061B /* cardfliptest.xcdatamodel */ = {isa = PBXFileReference; lastKnownFileType = wrapper.xcdatamodel; path = cardfliptest.xcdatamodel; sourceTree = "<group>"; };
		EE414F3C1F4311D80021061B /* Assets.xcassets */ = {isa = PBXFileReference; lastKnownFileType = folder.assetcatalog; path = Assets.xcassets; sourceTree = "<group>"; };
		EE414F3F1F4311D80021061B /* Base */ = {isa = PBXFileReference; lastKnownFileType = file.storyboard; name = Base; path = Base.lproj/LaunchScreen.storyboard; sourceTree = "<group>"; };
		EE414F411F4311D80021061B /* Info.plist */ = {isa = PBXFileReference; lastKnownFileType = text.plist.xml; path = Info.plist; sourceTree = "<group>"; };
		EE414F461F4311D80021061B /* cardfliptestTests.xctest */ = {isa = PBXFileReference; explicitFileType = wrapper.cfbundle; includeInIndex = 0; path = cardfliptestTests.xctest; sourceTree = BUILT_PRODUCTS_DIR; };
		EE414F4A1F4311D80021061B /* cardfliptestTests.swift */ = {isa = PBXFileReference; lastKnownFileType = sourcecode.swift; path = cardfliptestTests.swift; sourceTree = "<group>"; };
		EE414F4C1F4311D80021061B /* Info.plist */ = {isa = PBXFileReference; lastKnownFileType = text.plist.xml; path = Info.plist; sourceTree = "<group>"; };
		EE414F511F4311D80021061B /* cardfliptestUITests.xctest */ = {isa = PBXFileReference; explicitFileType = wrapper.cfbundle; includeInIndex = 0; path = cardfliptestUITests.xctest; sourceTree = BUILT_PRODUCTS_DIR; };
		EE414F551F4311D80021061B /* cardfliptestUITests.swift */ = {isa = PBXFileReference; lastKnownFileType = sourcecode.swift; path = cardfliptestUITests.swift; sourceTree = "<group>"; };
		EE414F571F4311D80021061B /* Info.plist */ = {isa = PBXFileReference; lastKnownFileType = text.plist.xml; path = Info.plist; sourceTree = "<group>"; };
/* End PBXFileReference section */

/* Begin PBXFrameworksBuildPhase section */
		EE414F2C1F4311D70021061B /* Frameworks */ = {
			isa = PBXFrameworksBuildPhase;
			buildActionMask = 2147483647;
			files = (
			);
			runOnlyForDeploymentPostprocessing = 0;
		};
		EE414F431F4311D80021061B /* Frameworks */ = {
			isa = PBXFrameworksBuildPhase;
			buildActionMask = 2147483647;
			files = (
			);
			runOnlyForDeploymentPostprocessing = 0;
		};
		EE414F4E1F4311D80021061B /* Frameworks */ = {
			isa = PBXFrameworksBuildPhase;
			buildActionMask = 2147483647;
			files = (
			);
			runOnlyForDeploymentPostprocessing = 0;
		};
/* End PBXFrameworksBuildPhase section */

/* Begin PBXGroup section */
		EE414F261F4311D70021061B = {
			isa = PBXGroup;
			children = (
				EE414F311F4311D80021061B /* cardfliptest */,
				EE414F491F4311D80021061B /* cardfliptestTests */,
				EE414F541F4311D80021061B /* cardfliptestUITests */,
				EE414F301F4311D80021061B /* Products */,
			);
			sourceTree = "<group>";
		};
		EE414F301F4311D80021061B /* Products */ = {
			isa = PBXGroup;
			children = (
				EE414F2F1F4311D80021061B /* cardfliptest.app */,
				EE414F461F4311D80021061B /* cardfliptestTests.xctest */,
				EE414F511F4311D80021061B /* cardfliptestUITests.xctest */,
			);
			name = Products;
			sourceTree = "<group>";
		};
		EE414F311F4311D80021061B /* cardfliptest */ = {
			isa = PBXGroup;
			children = (
				EE414F321F4311D80021061B /* AppDelegate.swift */,
				EE414F341F4311D80021061B /* ViewController.swift */,
				EE414F361F4311D80021061B /* Main.storyboard */,
				EE414F3C1F4311D80021061B /* Assets.xcassets */,
				EE414F3E1F4311D80021061B /* LaunchScreen.storyboard */,
				EE414F411F4311D80021061B /* Info.plist */,
				EE414F391F4311D80021061B /* cardfliptest.xcdatamodeld */,
			);
			path = cardfliptest;
			sourceTree = "<group>";
		};
		EE414F491F4311D80021061B /* cardfliptestTests */ = {
			isa = PBXGroup;
			children = (
				EE414F4A1F4311D80021061B /* cardfliptestTests.swift */,
				EE414F4C1F4311D80021061B /* Info.plist */,
			);
			path = cardfliptestTests;
			sourceTree = "<group>";
		};
		EE414F541F4311D80021061B /* cardfliptestUITests */ = {
			isa = PBXGroup;
			children = (
				EE414F551F4311D80021061B /* cardfliptestUITests.swift */,
				EE414F571F4311D80021061B /* Info.plist */,
			);
			path = cardfliptestUITests;
			sourceTree = "<group>";
		};
/* End PBXGroup section */

/* Begin PBXNativeTarget section */
		EE414F2E1F4311D70021061B /* cardfliptest */ = {
			isa = PBXNativeTarget;
			buildConfigurationList = EE414F5A1F4311D80021061B /* Build configuration list for PBXNativeTarget "cardfliptest" */;
			buildPhases = (
				EE414F2B1F4311D70021061B /* Sources */,
				EE414F2C1F4311D70021061B /* Frameworks */,
				EE414F2D1F4311D70021061B /* Resources */,
			);
			buildRules = (
			);
			dependencies = (
			);
			name = cardfliptest;
			productName = cardfliptest;
			productReference = EE414F2F1F4311D80021061B /* cardfliptest.app */;
			productType = "com.apple.product-type.application";
		};
		EE414F451F4311D80021061B /* cardfliptestTests */ = {
			isa = PBXNativeTarget;
			buildConfigurationList = EE414F5D1F4311D80021061B /* Build configuration list for PBXNativeTarget "cardfliptestTests" */;
			buildPhases = (
				EE414F421F4311D80021061B /* Sources */,
				EE414F431F4311D80021061B /* Frameworks */,
				EE414F441F4311D80021061B /* Resources */,
			);
			buildRules = (
			);
			dependencies = (
				EE414F481F4311D80021061B /* PBXTargetDependency */,
			);
			name = cardfliptestTests;
			productName = cardfliptestTests;
			productReference = EE414F461F4311D80021061B /* cardfliptestTests.xctest */;
			productType = "com.apple.product-type.bundle.unit-test";
		};
		EE414F501F4311D80021061B /* cardfliptestUITests */ = {
			isa = PBXNativeTarget;
			buildConfigurationList = EE414F601F4311D80021061B /* Build configuration list for PBXNativeTarget "cardfliptestUITests" */;
			buildPhases = (
				EE414F4D1F4311D80021061B /* Sources */,
				EE414F4E1F4311D80021061B /* Frameworks */,
				EE414F4F1F4311D80021061B /* Resources */,
			);
			buildRules = (
			);
			dependencies = (
				EE414F531F4311D80021061B /* PBXTargetDependency */,
			);
			name = cardfliptestUITests;
			productName = cardfliptestUITests;
			productReference = EE414F511F4311D80021061B /* cardfliptestUITests.xctest */;
			productType = "com.apple.product-type.bundle.ui-testing";
		};
/* End PBXNativeTarget section */

/* Begin PBXProject section */
		EE414F271F4311D70021061B /* Project object */ = {
			isa = PBXProject;
			attributes = {
				LastSwiftUpdateCheck = 0830;
				LastUpgradeCheck = 0830;
				ORGANIZATIONNAME = "Zondug Kim";
				TargetAttributes = {
					EE414F2E1F4311D70021061B = {
						CreatedOnToolsVersion = 8.3.3;
						DevelopmentTeam = 3MD9UFCW64;
						ProvisioningStyle = Automatic;
					};
					EE414F451F4311D80021061B = {
						CreatedOnToolsVersion = 8.3.3;
						DevelopmentTeam = 3MD9UFCW64;
						ProvisioningStyle = Automatic;
						TestTargetID = EE414F2E1F4311D70021061B;
					};
					EE414F501F4311D80021061B = {
						CreatedOnToolsVersion = 8.3.3;
						DevelopmentTeam = 3MD9UFCW64;
						ProvisioningStyle = Automatic;
						TestTargetID = EE414F2E1F4311D70021061B;
					};
				};
			};
			buildConfigurationList = EE414F2A1F4311D70021061B /* Build configuration list for PBXProject "cardfliptest" */;
			compatibilityVersion = "Xcode 3.2";
			developmentRegion = English;
			hasScannedForEncodings = 0;
			knownRegions = (
				en,
				Base,
			);
			mainGroup = EE414F261F4311D70021061B;
			productRefGroup = EE414F301F4311D80021061B /* Products */;
			projectDirPath = "";
			projectRoot = "";
			targets = (
				EE414F2E1F4311D70021061B /* cardfliptest */,
				EE414F451F4311D80021061B /* cardfliptestTests */,
				EE414F501F4311D80021061B /* cardfliptestUITests */,
			);
		};
/* End PBXProject section */

/* Begin PBXResourcesBuildPhase section */
		EE414F2D1F4311D70021061B /* Resources */ = {
			isa = PBXResourcesBuildPhase;
			buildActionMask = 2147483647;
			files = (
				EE414F401F4311D80021061B /* LaunchScreen.storyboard in Resources */,
				EE414F3D1F4311D80021061B /* Assets.xcassets in Resources */,
				EE414F381F4311D80021061B /* Main.storyboard in Resources */,
			);
			runOnlyForDeploymentPostprocessing = 0;
		};
		EE414F441F4311D80021061B /* Resources */ = {
			isa = PBXResourcesBuildPhase;
			buildActionMask = 2147483647;
			files = (
			);
			runOnlyForDeploymentPostprocessing = 0;
		};
		EE414F4F1F4311D80021061B /* Resources */ = {
			isa = PBXResourcesBuildPhase;
			buildActionMask = 2147483647;
			files = (
			);
			runOnlyForDeploymentPostprocessing = 0;
		};
/* End PBXResourcesBuildPhase section */

/* Begin PBXSourcesBuildPhase section */
		EE414F2B1F4311D70021061B /* Sources */ = {
			isa = PBXSourcesBuildPhase;
			buildActionMask = 2147483647;
			files = (
				EE414F3B1F4311D80021061B /* cardfliptest.xcdatamodeld in Sources */,
				EE414F351F4311D80021061B /* ViewController.swift in Sources */,
				EE414F331F4311D80021061B /* AppDelegate.swift in Sources */,
			);
			runOnlyForDeploymentPostprocessing = 0;
		};
		EE414F421F4311D80021061B /* Sources */ = {
			isa = PBXSourcesBuildPhase;
			buildActionMask = 2147483647;
			files = (
				EE414F4B1F4311D80021061B /* cardfliptestTests.swift in Sources */,
			);
			runOnlyForDeploymentPostprocessing = 0;
		};
		EE414F4D1F4311D80021061B /* Sources */ = {
			isa = PBXSourcesBuildPhase;
			buildActionMask = 2147483647;
			files = (
				EE414F561F4311D80021061B /* cardfliptestUITests.swift in Sources */,
			);
			runOnlyForDeploymentPostprocessing = 0;
		};
/* End PBXSourcesBuildPhase section */

/* Begin PBXTargetDependency section */
		EE414F481F4311D80021061B /* PBXTargetDependency */ = {
			isa = PBXTargetDependency;
			target = EE414F2E1F4311D70021061B /* cardfliptest */;
			targetProxy = EE414F471F4311D80021061B /* PBXContainerItemProxy */;
		};
		EE414F531F4311D80021061B /* PBXTargetDependency */ = {
			isa = PBXTargetDependency;
			target = EE414F2E1F4311D70021061B /* cardfliptest */;
			targetProxy = EE414F521F4311D80021061B /* PBXContainerItemProxy */;
		};
/* End PBXTargetDependency section */

/* Begin PBXVariantGroup section */
		EE414F361F4311D80021061B /* Main.storyboard */ = {
			isa = PBXVariantGroup;
			children = (
				EE414F371F4311D80021061B /* Base */,
			);
			name = Main.storyboard;
			sourceTree = "<group>";
		};
		EE414F3E1F4311D80021061B /* LaunchScreen.storyboard */ = {
			isa = PBXVariantGroup;
			children = (
				EE414F3F1F4311D80021061B /* Base */,
			);
			name = LaunchScreen.storyboard;
			sourceTree = "<group>";
		};
/* End PBXVariantGroup section */

/* Begin XCBuildConfiguration section */
		EE414F581F4311D80021061B /* Debug */ = {
			isa = XCBuildConfiguration;
			buildSettings = {
				ALWAYS_SEARCH_USER_PATHS = NO;
				CLANG_ANALYZER_NONNULL = YES;
				CLANG_ANALYZER_NUMBER_OBJECT_CONVERSION = YES_AGGRESSIVE;
				CLANG_CXX_LANGUAGE_STANDARD = "gnu++0x";
				CLANG_CXX_LIBRARY = "libc++";
				CLANG_ENABLE_MODULES = YES;
				CLANG_ENABLE_OBJC_ARC = YES;
				CLANG_WARN_BOOL_CONVERSION = YES;
				CLANG_WARN_CONSTANT_CONVERSION = YES;
				CLANG_WARN_DIRECT_OBJC_ISA_USAGE = YES_ERROR;
				CLANG_WARN_DOCUMENTATION_COMMENTS = YES;
				CLANG_WARN_EMPTY_BODY = YES;
				CLANG_WARN_ENUM_CONVERSION = YES;
				CLANG_WARN_INFINITE_RECURSION = YES;
				CLANG_WARN_INT_CONVERSION = YES;
				CLANG_WARN_OBJC_ROOT_CLASS = YES_ERROR;
				CLANG_WARN_SUSPICIOUS_MOVE = YES;
				CLANG_WARN_UNREACHABLE_CODE = YES;
				CLANG_WARN__DUPLICATE_METHOD_MATCH = YES;
				"CODE_SIGN_IDENTITY[sdk=iphoneos*]" = "iPhone Developer";
				COPY_PHASE_STRIP = NO;
				DEBUG_INFORMATION_FORMAT = dwarf;
				ENABLE_STRICT_OBJC_MSGSEND = YES;
				ENABLE_TESTABILITY = YES;
				GCC_C_LANGUAGE_STANDARD = gnu99;
				GCC_DYNAMIC_NO_PIC = NO;
				GCC_NO_COMMON_BLOCKS = YES;
				GCC_OPTIMIZATION_LEVEL = 0;
				GCC_PREPROCESSOR_DEFINITIONS = (
					"DEBUG=1",
					"$(inherited)",
				);
				GCC_WARN_64_TO_32_BIT_CONVERSION = YES;
				GCC_WARN_ABOUT_RETURN_TYPE = YES_ERROR;
				GCC_WARN_UNDECLARED_SELECTOR = YES;
				GCC_WARN_UNINITIALIZED_AUTOS = YES_AGGRESSIVE;
				GCC_WARN_UNUSED_FUNCTION = YES;
				GCC_WARN_UNUSED_VARIABLE = YES;
				IPHONEOS_DEPLOYMENT_TARGET = 10.3;
				MTL_ENABLE_DEBUG_INFO = YES;
				ONLY_ACTIVE_ARCH = YES;
				SDKROOT = iphoneos;
				SWIFT_ACTIVE_COMPILATION_CONDITIONS = DEBUG;
				SWIFT_OPTIMIZATION_LEVEL = "-Onone";
				TARGETED_DEVICE_FAMILY = "1,2";
			};
			name = Debug;
		};
		EE414F591F4311D80021061B /* Release */ = {
			isa = XCBuildConfiguration;
			buildSettings = {
				ALWAYS_SEARCH_USER_PATHS = NO;
				CLANG_ANALYZER_NONNULL = YES;
				CLANG_ANALYZER_NUMBER_OBJECT_CONVERSION = YES_AGGRESSIVE;
				CLANG_CXX_LANGUAGE_STANDARD = "gnu++0x";
				CLANG_CXX_LIBRARY = "libc++";
				CLANG_ENABLE_MODULES = YES;
				CLANG_ENABLE_OBJC_ARC = YES;
				CLANG_WARN_BOOL_CONVERSION = YES;
				CLANG_WARN_CONSTANT_CONVERSION = YES;
				CLANG_WARN_DIRECT_OBJC_ISA_USAGE = YES_ERROR;
				CLANG_WARN_DOCUMENTATION_COMMENTS = YES;
				CLANG_WARN_EMPTY_BODY = YES;
				CLANG_WARN_ENUM_CONVERSION = YES;
				CLANG_WARN_INFINITE_RECURSION = YES;
				CLANG_WARN_INT_CONVERSION = YES;
				CLANG_WARN_OBJC_ROOT_CLASS = YES_ERROR;
				CLANG_WARN_SUSPICIOUS_MOVE = YES;
				CLANG_WARN_UNREACHABLE_CODE = YES;
				CLANG_WARN__DUPLICATE_METHOD_MATCH = YES;
				"CODE_SIGN_IDENTITY[sdk=iphoneos*]" = "iPhone Developer";
				COPY_PHASE_STRIP = NO;
				DEBUG_INFORMATION_FORMAT = "dwarf-with-dsym";
				ENABLE_NS_ASSERTIONS = NO;
				ENABLE_STRICT_OBJC_MSGSEND = YES;
				GCC_C_LANGUAGE_STANDARD = gnu99;
				GCC_NO_COMMON_BLOCKS = YES;
				GCC_WARN_64_TO_32_BIT_CONVERSION = YES;
				GCC_WARN_ABOUT_RETURN_TYPE = YES_ERROR;
				GCC_WARN_UNDECLARED_SELECTOR = YES;
				GCC_WARN_UNINITIALIZED_AUTOS = YES_AGGRESSIVE;
				GCC_WARN_UNUSED_FUNCTION = YES;
				GCC_WARN_UNUSED_VARIABLE = YES;
				IPHONEOS_DEPLOYMENT_TARGET = 10.3;
				MTL_ENABLE_DEBUG_INFO = NO;
				SDKROOT = iphoneos;
				SWIFT_OPTIMIZATION_LEVEL = "-Owholemodule";
				TARGETED_DEVICE_FAMILY = "1,2";
				VALIDATE_PRODUCT = YES;
			};
			name = Release;
		};
		EE414F5B1F4311D80021061B /* Debug */ = {
			isa = XCBuildConfiguration;
			buildSettings = {
				ASSETCATALOG_COMPILER_APPICON_NAME = AppIcon;
				DEVELOPMENT_TEAM = 3MD9UFCW64;
				INFOPLIST_FILE = cardfliptest/Info.plist;
				LD_RUNPATH_SEARCH_PATHS = "$(inherited) @executable_path/Frameworks";
				PRODUCT_BUNDLE_IDENTIFIER = works.nairrti.cardfliptest;
				PRODUCT_NAME = "$(TARGET_NAME)";
				SWIFT_VERSION = 3.0;
			};
			name = Debug;
		};
		EE414F5C1F4311D80021061B /* Release */ = {
			isa = XCBuildConfiguration;
			buildSettings = {
				ASSETCATALOG_COMPILER_APPICON_NAME = AppIcon;
				DEVELOPMENT_TEAM = 3MD9UFCW64;
				INFOPLIST_FILE = cardfliptest/Info.plist;
				LD_RUNPATH_SEARCH_PATHS = "$(inherited) @executable_path/Frameworks";
				PRODUCT_BUNDLE_IDENTIFIER = works.nairrti.cardfliptest;
				PRODUCT_NAME = "$(TARGET_NAME)";
				SWIFT_VERSION = 3.0;
			};
			name = Release;
		};
		EE414F5E1F4311D80021061B /* Debug */ = {
			isa = XCBuildConfiguration;
			buildSettings = {
				ALWAYS_EMBED_SWIFT_STANDARD_LIBRARIES = YES;
				BUNDLE_LOADER = "$(TEST_HOST)";
				DEVELOPMENT_TEAM = 3MD9UFCW64;
				INFOPLIST_FILE = cardfliptestTests/Info.plist;
				LD_RUNPATH_SEARCH_PATHS = "$(inherited) @executable_path/Frameworks @loader_path/Frameworks";
				PRODUCT_BUNDLE_IDENTIFIER = works.nairrti.cardfliptestTests;
				PRODUCT_NAME = "$(TARGET_NAME)";
				SWIFT_VERSION = 3.0;
				TEST_HOST = "$(BUILT_PRODUCTS_DIR)/cardfliptest.app/cardfliptest";
			};
			name = Debug;
		};
		EE414F5F1F4311D80021061B /* Release */ = {
			isa = XCBuildConfiguration;
			buildSettings = {
				ALWAYS_EMBED_SWIFT_STANDARD_LIBRARIES = YES;
				BUNDLE_LOADER = "$(TEST_HOST)";
				DEVELOPMENT_TEAM = 3MD9UFCW64;
				INFOPLIST_FILE = cardfliptestTests/Info.plist;
				LD_RUNPATH_SEARCH_PATHS = "$(inherited) @executable_path/Frameworks @loader_path/Frameworks";
				PRODUCT_BUNDLE_IDENTIFIER = works.nairrti.cardfliptestTests;
				PRODUCT_NAME = "$(TARGET_NAME)";
				SWIFT_VERSION = 3.0;
				TEST_HOST = "$(BUILT_PRODUCTS_DIR)/cardfliptest.app/cardfliptest";
			};
			name = Release;
		};
		EE414F611F4311D80021061B /* Debug */ = {
			isa = XCBuildConfiguration;
			buildSettings = {
				ALWAYS_EMBED_SWIFT_STANDARD_LIBRARIES = YES;
				DEVELOPMENT_TEAM = 3MD9UFCW64;
				INFOPLIST_FILE = cardfliptestUITests/Info.plist;
				LD_RUNPATH_SEARCH_PATHS = "$(inherited) @executable_path/Frameworks @loader_path/Frameworks";
				PRODUCT_BUNDLE_IDENTIFIER = works.nairrti.cardfliptestUITests;
				PRODUCT_NAME = "$(TARGET_NAME)";
				SWIFT_VERSION = 3.0;
				TEST_TARGET_NAME = cardfliptest;
			};
			name = Debug;
		};
		EE414F621F4311D80021061B /* Release */ = {
			isa = XCBuildConfiguration;
			buildSettings = {
				ALWAYS_EMBED_SWIFT_STANDARD_LIBRARIES = YES;
				DEVELOPMENT_TEAM = 3MD9UFCW64;
				INFOPLIST_FILE = cardfliptestUITests/Info.plist;
				LD_RUNPATH_SEARCH_PATHS = "$(inherited) @executable_path/Frameworks @loader_path/Frameworks";
				PRODUCT_BUNDLE_IDENTIFIER = works.nairrti.cardfliptestUITests;
				PRODUCT_NAME = "$(TARGET_NAME)";
				SWIFT_VERSION = 3.0;
				TEST_TARGET_NAME = cardfliptest;
			};
			name = Release;
		};
/* End XCBuildConfiguration section */

/* Begin XCConfigurationList section */
		EE414F2A1F4311D70021061B /* Build configuration list for PBXProject "cardfliptest" */ = {
			isa = XCConfigurationList;
			buildConfigurations = (
				EE414F581F4311D80021061B /* Debug */,
				EE414F591F4311D80021061B /* Release */,
			);
			defaultConfigurationIsVisible = 0;
			defaultConfigurationName = Release;
		};
		EE414F5A1F4311D80021061B /* Build configuration list for PBXNativeTarget "cardfliptest" */ = {
			isa = XCConfigurationList;
			buildConfigurations = (
				EE414F5B1F4311D80021061B /* Debug */,
				EE414F5C1F4311D80021061B /* Release */,
			);
			defaultConfigurationIsVisible = 0;
		};
		EE414F5D1F4311D80021061B /* Build configuration list for PBXNativeTarget "cardfliptestTests" */ = {
			isa = XCConfigurationList;
			buildConfigurations = (
				EE414F5E1F4311D80021061B /* Debug */,
				EE414F5F1F4311D80021061B /* Release */,
			);
			defaultConfigurationIsVisible = 0;
		};
		EE414F601F4311D80021061B /* Build configuration list for PBXNativeTarget "cardfliptestUITests" */ = {
			isa = XCConfigurationList;
			buildConfigurations = (
				EE414F611F4311D80021061B /* Debug */,
				EE414F621F4311D80021061B /* Release */,
			);
			defaultConfigurationIsVisible = 0;
		};
/* End XCConfigurationList section */

/* Begin XCVersionGroup section */
		EE414F391F4311D80021061B /* cardfliptest.xcdatamodeld */ = {
			isa = XCVersionGroup;
			children = (
				EE414F3A1F4311D80021061B /* cardfliptest.xcdatamodel */,
			);
			currentVersion = EE414F3A1F4311D80021061B /* cardfliptest.xcdatamodel */;
			path = cardfliptest.xcdatamodeld;
			sourceTree = "<group>";
			versionGroupType = wrapper.xcdatamodel;
		};
/* End XCVersionGroup section */
	};
	rootObject = EE414F271F4311D70021061B /* Project object */;
}
